
Microsoft Visual Studio Solution File, Format Version 12.00
# Visual Studio 14
VisualStudioVersion = 14.0.25420.1
MinimumVisualStudioVersion = 10.0.40219.1
Project("{FAE04EC0-301F-11D3-BF4B-00C04F79EFBC}") = "AnimalsApp.Droid", "AnimalsApp\AnimalsApp.Droid\AnimalsApp.Droid.csproj", "{6C79E03C-E125-4D91-BB15-A7AFC91BBA44}"
EndProject
Project("{FAE04EC0-301F-11D3-BF4B-00C04F79EFBC}") = "AnimalsApp.iOS", "AnimalsApp\AnimalsApp.iOS\AnimalsApp.iOS.csproj", "{9BC9B1CD-13D0-4E44-AF0E-30955459EE9D}"
EndProject
Project("{FAE04EC0-301F-11D3-BF4B-00C04F79EFBC}") = "AnimalsApp.WinPhone", "AnimalsApp\AnimalsApp.WinPhone\AnimalsApp.WinPhone.csproj", "{16C691CE-1739-43CA-AF1B-3B522AE16275}"
EndProject
Project("{FAE04EC0-301F-11D3-BF4B-00C04F79EFBC}") = "AnimalsApp", "AnimalsApp\AnimalsApp\AnimalsApp.csproj", "{B3538CDD-CBEB-485D-8A33-1D75810C3823}"
EndProject
Global
	GlobalSection(SolutionConfigurationPlatforms) = preSolution
		Debug|Any CPU = Debug|Any CPU
		Debug|ARM = Debug|ARM
		Debug|iPhone = Debug|iPhone
		Debug|iPhoneSimulator = Debug|iPhoneSimulator
		Debug|x86 = Debug|x86
		Release|Any CPU = Release|Any CPU
		Release|ARM = Release|ARM
		Release|iPhone = Release|iPhone
		Release|iPhoneSimulator = Release|iPhoneSimulator
		Release|x86 = Release|x86
	EndGlobalSection
	GlobalSection(ProjectConfigurationPlatforms) = postSolution
		{6C79E03C-E125-4D91-BB15-A7AFC91BBA44}.Debug|Any CPU.ActiveCfg = Debug|Any CPU
		{6C79E03C-E125-4D91-BB15-A7AFC91BBA44}.Debug|Any CPU.Build.0 = Debug|Any CPU
		{6C79E03C-E125-4D91-BB15-A7AFC91BBA44}.Debug|Any CPU.Deploy.0 = Debug|Any CPU
		{6C79E03C-E125-4D91-BB15-A7AFC91BBA44}.Debug|ARM.ActiveCfg = Debug|Any CPU
		{6C79E03C-E125-4D91-BB15-A7AFC91BBA44}.Debug|ARM.Build.0 = Debug|Any CPU
		{6C79E03C-E125-4D91-BB15-A7AFC91BBA44}.Debug|ARM.Deploy.0 = Debug|Any CPU
		{6C79E03C-E125-4D91-BB15-A7AFC91BBA44}.Debug|iPhone.ActiveCfg = Debug|Any CPU
		{6C79E03C-E125-4D91-BB15-A7AFC91BBA44}.Debug|iPhone.Build.0 = Debug|Any CPU
		{6C79E03C-E125-4D91-BB15-A7AFC91BBA44}.Debug|iPhone.Deploy.0 = Debug|Any CPU
		{6C79E03C-E125-4D91-BB15-A7AFC91BBA44}.Debug|iPhoneSimulator.ActiveCfg = Debug|Any CPU
		{6C79E03C-E125-4D91-BB15-A7AFC91BBA44}.Debug|iPhoneSimulator.Build.0 = Debug|Any CPU
		{6C79E03C-E125-4D91-BB15-A7AFC91BBA44}.Debug|iPhoneSimulator.Deploy.0 = Debug|Any CPU
		{6C79E03C-E125-4D91-BB15-A7AFC91BBA44}.Debug|x86.ActiveCfg = Debug|Any CPU
		{6C79E03C-E125-4D91-BB15-A7AFC91BBA44}.Debug|x86.Build.0 = Debug|Any CPU
		{6C79E03C-E125-4D91-BB15-A7AFC91BBA44}.Debug|x86.Deploy.0 = Debug|Any CPU
		{6C79E03C-E125-4D91-BB15-A7AFC91BBA44}.Release|Any CPU.ActiveCfg = Release|Any CPU
		{6C79E03C-E125-4D91-BB15-A7AFC91BBA44}.Release|Any CPU.Build.0 = Release|Any CPU
		{6C79E03C-E125-4D91-BB15-A7AFC91BBA44}.Release|Any CPU.Deploy.0 = Release|Any CPU
		{6C79E03C-E125-4D91-BB15-A7AFC91BBA44}.Release|ARM.ActiveCfg = Release|Any CPU
		{6C79E03C-E125-4D91-BB15-A7AFC91BBA44}.Release|ARM.Build.0 = Release|Any CPU
		{6C79E03C-E125-4D91-BB15-A7AFC91BBA44}.Release|ARM.Deploy.0 = Release|Any CPU
		{6C79E03C-E125-4D91-BB15-A7AFC91BBA44}.Release|iPhone.ActiveCfg = Release|Any CPU
		{6C79E03C-E125-4D91-BB15-A7AFC91BBA44}.Release|iPhone.Build.0 = Release|Any CPU
		{6C79E03C-E125-4D91-BB15-A7AFC91BBA44}.Release|iPhone.Deploy.0 = Release|Any CPU
		{6C79E03C-E125-4D91-BB15-A7AFC91BBA44}.Release|iPhoneSimulator.ActiveCfg = Release|Any CPU
		{6C79E03C-E125-4D91-BB15-A7AFC91BBA44}.Release|iPhoneSimulator.Build.0 = Release|Any CPU
		{6C79E03C-E125-4D91-BB15-A7AFC91BBA44}.Release|iPhoneSimulator.Deploy.0 = Release|Any CPU
		{6C79E03C-E125-4D91-BB15-A7AFC91BBA44}.Release|x86.ActiveCfg = Release|Any CPU
		{6C79E03C-E125-4D91-BB15-A7AFC91BBA44}.Release|x86.Build.0 = Release|Any CPU
		{6C79E03C-E125-4D91-BB15-A7AFC91BBA44}.Release|x86.Deploy.0 = Release|Any CPU
		{9BC9B1CD-13D0-4E44-AF0E-30955459EE9D}.Debug|Any CPU.ActiveCfg = Debug|iPhone
		{9BC9B1CD-13D0-4E44-AF0E-30955459EE9D}.Debug|ARM.ActiveCfg = Debug|iPhone
		{9BC9B1CD-13D0-4E44-AF0E-30955459EE9D}.Debug|iPhone.ActiveCfg = Debug|iPhone
		{9BC9B1CD-13D0-4E44-AF0E-30955459EE9D}.Debug|iPhone.Build.0 = Debug|iPhone
		{9BC9B1CD-13D0-4E44-AF0E-30955459EE9D}.Debug|iPhoneSimulator.ActiveCfg = Debug|iPhoneSimulator
		{9BC9B1CD-13D0-4E44-AF0E-30955459EE9D}.Debug|iPhoneSimulator.Build.0 = Debug|iPhoneSimulator
		{9BC9B1CD-13D0-4E44-AF0E-30955459EE9D}.Debug|x86.ActiveCfg = Debug|iPhone
		{9BC9B1CD-13D0-4E44-AF0E-30955459EE9D}.Release|Any CPU.ActiveCfg = Release|iPhone
		{9BC9B1CD-13D0-4E44-AF0E-30955459EE9D}.Release|ARM.ActiveCfg = Release|iPhone
		{9BC9B1CD-13D0-4E44-AF0E-30955459EE9D}.Release|iPhone.ActiveCfg = Release|iPhone
		{9BC9B1CD-13D0-4E44-AF0E-30955459EE9D}.Release|iPhone.Build.0 = Release|iPhone
		{9BC9B1CD-13D0-4E44-AF0E-30955459EE9D}.Release|iPhoneSimulator.ActiveCfg = Release|iPhoneSimulator
		{9BC9B1CD-13D0-4E44-AF0E-30955459EE9D}.Release|iPhoneSimulator.Build.0 = Release|iPhoneSimulator
		{9BC9B1CD-13D0-4E44-AF0E-30955459EE9D}.Release|x86.ActiveCfg = Release|iPhone
		{16C691CE-1739-43CA-AF1B-3B522AE16275}.Debug|Any CPU.ActiveCfg = Debug|Any CPU
		{16C691CE-1739-43CA-AF1B-3B522AE16275}.Debug|Any CPU.Build.0 = Debug|Any CPU
		{16C691CE-1739-43CA-AF1B-3B522AE16275}.Debug|Any CPU.Deploy.0 = Debug|Any CPU
		{16C691CE-1739-43CA-AF1B-3B522AE16275}.Debug|ARM.ActiveCfg = Debug|ARM
		{16C691CE-1739-43CA-AF1B-3B522AE16275}.Debug|ARM.Build.0 = Debug|ARM
		{16C691CE-1739-43CA-AF1B-3B522AE16275}.Debug|ARM.Deploy.0 = Debug|ARM
		{16C691CE-1739-43CA-AF1B-3B522AE16275}.Debug|iPhone.ActiveCfg = Debug|Any CPU
		{16C691CE-1739-43CA-AF1B-3B522AE16275}.Debug|iPhone.Build.0 = Debug|Any CPU
		{16C691CE-1739-43CA-AF1B-3B522AE16275}.Debug|iPhone.Deploy.0 = Debug|Any CPU
		{16C691CE-1739-43CA-AF1B-3B522AE16275}.Debug|iPhoneSimulator.ActiveCfg = Debug|Any CPU
		{16C691CE-1739-43CA-AF1B-3B522AE16275}.Debug|iPhoneSimulator.Build.0 = Debug|Any CPU
		{16C691CE-1739-43CA-AF1B-3B522AE16275}.Debug|iPhoneSimulator.Deploy.0 = Debug|Any CPU
		{16C691CE-1739-43CA-AF1B-3B522AE16275}.Debug|x86.ActiveCfg = Debug|x86
		{16C691CE-1739-43CA-AF1B-3B522AE16275}.Debug|x86.Build.0 = Debug|x86
		{16C691CE-1739-43CA-AF1B-3B522AE16275}.Debug|x86.Deploy.0 = Debug|x86
		{16C691CE-1739-43CA-AF1B-3B522AE16275}.Release|Any CPU.ActiveCfg = Release|Any CPU
		{16C691CE-1739-43CA-AF1B-3B522AE16275}.Release|Any CPU.Build.0 = Release|Any CPU
		{16C691CE-1739-43CA-AF1B-3B522AE16275}.Release|Any CPU.Deploy.0 = Release|Any CPU
		{16C691CE-1739-43CA-AF1B-3B522AE16275}.Release|ARM.ActiveCfg = Release|ARM
		{16C691CE-1739-43CA-AF1B-3B522AE16275}.Release|ARM.Build.0 = Release|ARM
		{16C691CE-1739-43CA-AF1B-3B522AE16275}.Release|ARM.Deploy.0 = Release|ARM
		{16C691CE-1739-43CA-AF1B-3B522AE16275}.Release|iPhone.ActiveCfg = Release|Any CPU
		{16C691CE-1739-43CA-AF1B-3B522AE16275}.Release|iPhone.Build.0 = Release|Any CPU
		{16C691CE-1739-43CA-AF1B-3B522AE16275}.Release|iPhone.Deploy.0 = Release|Any CPU
		{16C691CE-1739-43CA-AF1B-3B522AE16275}.Release|iPhoneSimulator.ActiveCfg = Release|Any CPU
		{16C691CE-1739-43CA-AF1B-3B522AE16275}.Release|iPhoneSimulator.Build.0 = Release|Any CPU
		{16C691CE-1739-43CA-AF1B-3B522AE16275}.Release|iPhoneSimulator.Deploy.0 = Release|Any CPU
		{16C691CE-1739-43CA-AF1B-3B522AE16275}.Release|x86.ActiveCfg = Release|x86
		{16C691CE-1739-43CA-AF1B-3B522AE16275}.Release|x86.Build.0 = Release|x86
		{16C691CE-1739-43CA-AF1B-3B522AE16275}.Release|x86.Deploy.0 = Release|x86
		{B3538CDD-CBEB-485D-8A33-1D75810C3823}.Debug|Any CPU.ActiveCfg = Debug|Any CPU
		{B3538CDD-CBEB-485D-8A33-1D75810C3823}.Debug|Any CPU.Build.0 = Debug|Any CPU
		{B3538CDD-CBEB-485D-8A33-1D75810C3823}.Debug|ARM.ActiveCfg = Debug|Any CPU
		{B3538CDD-CBEB-485D-8A33-1D75810C3823}.Debug|ARM.Build.0 = Debug|Any CPU
		{B3538CDD-CBEB-485D-8A33-1D75810C3823}.Debug|iPhone.ActiveCfg = Debug|Any CPU
		{B3538CDD-CBEB-485D-8A33-1D75810C3823}.Debug|iPhone.Build.0 = Debug|Any CPU
		{B3538CDD-CBEB-485D-8A33-1D75810C3823}.Debug|iPhoneSimulator.ActiveCfg = Debug|Any CPU
		{B3538CDD-CBEB-485D-8A33-1D75810C3823}.Debug|iPhoneSimulator.Build.0 = Debug|Any CPU
		{B3538CDD-CBEB-485D-8A33-1D75810C3823}.Debug|x86.ActiveCfg = Debug|Any CPU
		{B3538CDD-CBEB-485D-8A33-1D75810C3823}.Debug|x86.Build.0 = Debug|Any CPU
		{B3538CDD-CBEB-485D-8A33-1D75810C3823}.Release|Any CPU.ActiveCfg = Release|Any CPU
		{B3538CDD-CBEB-485D-8A33-1D75810C3823}.Release|Any CPU.Build.0 = Release|Any CPU
		{B3538CDD-CBEB-485D-8A33-1D75810C3823}.Release|ARM.ActiveCfg = Release|Any CPU
		{B3538CDD-CBEB-485D-8A33-1D75810C3823}.Release|ARM.Build.0 = Release|Any CPU
		{B3538CDD-CBEB-485D-8A33-1D75810C3823}.Release|iPhone.ActiveCfg = Release|Any CPU
		{B3538CDD-CBEB-485D-8A33-1D75810C3823}.Release|iPhone.Build.0 = Release|Any CPU
		{B3538CDD-CBEB-485D-8A33-1D75810C3823}.Release|iPhoneSimulator.ActiveCfg = Release|Any CPU
		{B3538CDD-CBEB-485D-8A33-1D75810C3823}.Release|iPhoneSimulator.Build.0 = Release|Any CPU
		{B3538CDD-CBEB-485D-8A33-1D75810C3823}.Release|x86.ActiveCfg = Release|Any CPU
		{B3538CDD-CBEB-485D-8A33-1D75810C3823}.Release|x86.Build.0 = Release|Any CPU
	EndGlobalSection
	GlobalSection(SolutionProperties) = preSolution
		HideSolutionNode = FALSE
	EndGlobalSection
EndGlobal
